
Microsoft Visual Studio Solution File, Format Version 12.00
# Visual Studio Version 17
VisualStudioVersion = 17.0.31903.59
MinimumVisualStudioVersion = 10.0.40219.1
Project("{FAE04EC0-301F-11D3-BF4B-00C04F79EFBC}") = "ContactSystem", "ContactSystem\ContactSystem.csproj", "{410E0517-4DB7-456F-991A-0E1D272B69BE}"
EndProject
Global
	GlobalSection(SolutionConfigurationPlatforms) = preSolution
		Debug|Any CPU = Debug|Any CPU
		Release|Any CPU = Release|Any CPU
	EndGlobalSection
	GlobalSection(ProjectConfigurationPlatforms) = postSolution
		{410E0517-4DB7-456F-991A-0E1D272B69BE}.Debug|Any CPU.ActiveCfg = Debug|Any CPU
		{410E0517-4DB7-456F-991A-0E1D272B69BE}.Debug|Any CPU.Build.0 = Debug|Any CPU
		{410E0517-4DB7-456F-991A-0E1D272B69BE}.Release|Any CPU.ActiveCfg = Release|Any CPU
		{410E0517-4DB7-456F-991A-0E1D272B69BE}.Release|Any CPU.Build.0 = Release|Any CPU
	EndGlobalSection
	GlobalSection(SolutionProperties) = preSolution
		HideSolutionNode = FALSE
	EndGlobalSection
	GlobalSection(ExtensibilityGlobals) = postSolution
		SolutionGuid = {F947662E-A6AB-4419-9864-7502648DBFA3}
	EndGlobalSection
EndGlobal
